
Microsoft Visual Studio Solution File, Format Version 12.00
# Visual Studio Version 18
VisualStudioVersion = 18.0.11201.2
MinimumVisualStudioVersion = 10.0.40219.1
Project("{2150E333-8FDC-42A3-9474-1A3956D46DE8}") = "Comun", "Comun", "{A0A45EC1-42E0-4C4D-BDAB-459B5013D5A5}"
EndProject
Project("{FAE04EC0-301F-11D3-BF4B-00C04F79EFBC}") = "Mozo.Shared", "Comun\Mozo.Shared\Mozo.Shared.csproj", "{D034155D-A604-47F3-8512-CD17E54F6A89}"
EndProject
Project("{FAE04EC0-301F-11D3-BF4B-00C04F79EFBC}") = "Mozo.Domain", "Comun\Mozo.Domain\Mozo.Domain.csproj", "{28FCB494-B3D7-454A-8C78-4873D4242D2C}"
EndProject
Project("{FAE04EC0-301F-11D3-BF4B-00C04F79EFBC}") = "Mozo.Infrastructure", "Comun\Mozo.Infrastructure\Mozo.Infrastructure.csproj", "{2162E454-3786-4865-BED8-3F610D8D5374}"
EndProject
Project("{FAE04EC0-301F-11D3-BF4B-00C04F79EFBC}") = "Mozo.Api", "Mozo.Api\Mozo.Api.csproj", "{5F2987C5-B004-8890-B5C7-B9D399633C96}"
EndProject
Project("{FAE04EC0-301F-11D3-BF4B-00C04F79EFBC}") = "Mozo.App.Maestro", "Mozo.App.Maestro\Mozo.App.Maestro.csproj", "{47FD107A-A20D-EE15-1BF3-0125A5B0DEED}"
EndProject
Project("{FAE04EC0-301F-11D3-BF4B-00C04F79EFBC}") = "Mozo.App.Seguridad", "Mozo.App.Seguridad\Mozo.App.Seguridad.csproj", "{32134667-719D-F205-571D-7C29B8A43D7D}"
EndProject
Project("{FAE04EC0-301F-11D3-BF4B-00C04F79EFBC}") = "Mozo.App.Login", "Mozo.App.Login\Mozo.App.Login.csproj", "{7E54AB36-92A9-CBE8-AA87-5151FE88009D}"
EndProject
Project("{FAE04EC0-301F-11D3-BF4B-00C04F79EFBC}") = "Mozo.App.Catalogo", "Mozo.App.Catalogo\Mozo.App.Catalogo.csproj", "{AF6249A3-542C-AFA4-6FC5-6325D40A39AF}"
EndProject
Project("{FAE04EC0-301F-11D3-BF4B-00C04F79EFBC}") = "Mozo.App.Suscripcion", "Mozo.App.Suscripcion\Mozo.App.Suscripcion.csproj", "{37F41E4A-7196-4645-9205-178D2455AF3F}"
EndProject
Global
	GlobalSection(SolutionConfigurationPlatforms) = preSolution
		Debug|Any CPU = Debug|Any CPU
		Release|Any CPU = Release|Any CPU
	EndGlobalSection
	GlobalSection(ProjectConfigurationPlatforms) = postSolution
		{D034155D-A604-47F3-8512-CD17E54F6A89}.Debug|Any CPU.ActiveCfg = Debug|Any CPU
		{D034155D-A604-47F3-8512-CD17E54F6A89}.Debug|Any CPU.Build.0 = Debug|Any CPU
		{D034155D-A604-47F3-8512-CD17E54F6A89}.Release|Any CPU.ActiveCfg = Release|Any CPU
		{D034155D-A604-47F3-8512-CD17E54F6A89}.Release|Any CPU.Build.0 = Release|Any CPU
		{28FCB494-B3D7-454A-8C78-4873D4242D2C}.Debug|Any CPU.ActiveCfg = Debug|Any CPU
		{28FCB494-B3D7-454A-8C78-4873D4242D2C}.Debug|Any CPU.Build.0 = Debug|Any CPU
		{28FCB494-B3D7-454A-8C78-4873D4242D2C}.Release|Any CPU.ActiveCfg = Release|Any CPU
		{28FCB494-B3D7-454A-8C78-4873D4242D2C}.Release|Any CPU.Build.0 = Release|Any CPU
		{2162E454-3786-4865-BED8-3F610D8D5374}.Debug|Any CPU.ActiveCfg = Debug|Any CPU
		{2162E454-3786-4865-BED8-3F610D8D5374}.Debug|Any CPU.Build.0 = Debug|Any CPU
		{2162E454-3786-4865-BED8-3F610D8D5374}.Release|Any CPU.ActiveCfg = Release|Any CPU
		{2162E454-3786-4865-BED8-3F610D8D5374}.Release|Any CPU.Build.0 = Release|Any CPU
		{5F2987C5-B004-8890-B5C7-B9D399633C96}.Debug|Any CPU.ActiveCfg = Debug|Any CPU
		{5F2987C5-B004-8890-B5C7-B9D399633C96}.Debug|Any CPU.Build.0 = Debug|Any CPU
		{5F2987C5-B004-8890-B5C7-B9D399633C96}.Release|Any CPU.ActiveCfg = Release|Any CPU
		{5F2987C5-B004-8890-B5C7-B9D399633C96}.Release|Any CPU.Build.0 = Release|Any CPU
		{47FD107A-A20D-EE15-1BF3-0125A5B0DEED}.Debug|Any CPU.ActiveCfg = Debug|Any CPU
		{47FD107A-A20D-EE15-1BF3-0125A5B0DEED}.Debug|Any CPU.Build.0 = Debug|Any CPU
		{47FD107A-A20D-EE15-1BF3-0125A5B0DEED}.Release|Any CPU.ActiveCfg = Release|Any CPU
		{47FD107A-A20D-EE15-1BF3-0125A5B0DEED}.Release|Any CPU.Build.0 = Release|Any CPU
		{32134667-719D-F205-571D-7C29B8A43D7D}.Debug|Any CPU.ActiveCfg = Debug|Any CPU
		{32134667-719D-F205-571D-7C29B8A43D7D}.Debug|Any CPU.Build.0 = Debug|Any CPU
		{32134667-719D-F205-571D-7C29B8A43D7D}.Release|Any CPU.ActiveCfg = Release|Any CPU
		{32134667-719D-F205-571D-7C29B8A43D7D}.Release|Any CPU.Build.0 = Release|Any CPU
		{7E54AB36-92A9-CBE8-AA87-5151FE88009D}.Debug|Any CPU.ActiveCfg = Debug|Any CPU
		{7E54AB36-92A9-CBE8-AA87-5151FE88009D}.Debug|Any CPU.Build.0 = Debug|Any CPU
		{7E54AB36-92A9-CBE8-AA87-5151FE88009D}.Release|Any CPU.ActiveCfg = Release|Any CPU
		{7E54AB36-92A9-CBE8-AA87-5151FE88009D}.Release|Any CPU.Build.0 = Release|Any CPU
		{AF6249A3-542C-AFA4-6FC5-6325D40A39AF}.Debug|Any CPU.ActiveCfg = Debug|Any CPU
		{AF6249A3-542C-AFA4-6FC5-6325D40A39AF}.Debug|Any CPU.Build.0 = Debug|Any CPU
		{AF6249A3-542C-AFA4-6FC5-6325D40A39AF}.Release|Any CPU.ActiveCfg = Release|Any CPU
		{AF6249A3-542C-AFA4-6FC5-6325D40A39AF}.Release|Any CPU.Build.0 = Release|Any CPU
		{37F41E4A-7196-4645-9205-178D2455AF3F}.Debug|Any CPU.ActiveCfg = Debug|Any CPU
		{37F41E4A-7196-4645-9205-178D2455AF3F}.Debug|Any CPU.Build.0 = Debug|Any CPU
		{37F41E4A-7196-4645-9205-178D2455AF3F}.Release|Any CPU.ActiveCfg = Release|Any CPU
		{37F41E4A-7196-4645-9205-178D2455AF3F}.Release|Any CPU.Build.0 = Release|Any CPU
	EndGlobalSection
	GlobalSection(SolutionProperties) = preSolution
		HideSolutionNode = FALSE
	EndGlobalSection
	GlobalSection(NestedProjects) = preSolution
		{D034155D-A604-47F3-8512-CD17E54F6A89} = {A0A45EC1-42E0-4C4D-BDAB-459B5013D5A5}
		{28FCB494-B3D7-454A-8C78-4873D4242D2C} = {A0A45EC1-42E0-4C4D-BDAB-459B5013D5A5}
		{2162E454-3786-4865-BED8-3F610D8D5374} = {A0A45EC1-42E0-4C4D-BDAB-459B5013D5A5}
	EndGlobalSection
	GlobalSection(ExtensibilityGlobals) = postSolution
		SolutionGuid = {2552BBCE-D213-4C75-9541-ABB738BFAF72}
	EndGlobalSection
EndGlobal
